// !$*UTF8*$!
{
	archiveVersion = 1;
	classes = {
	};
	objectVersion = 50;
	objects = {

/* Begin PBXBuildFile section */
		B30C619C2219CBD500A26755 /* MemeTVCell.swift in Sources */ = {isa = PBXBuildFile; fileRef = B30C619B2219CBD500A26755 /* MemeTVCell.swift */; };
		B3B636932216318B00018C69 /* Meme Model.swift in Sources */ = {isa = PBXBuildFile; fileRef = B3B636922216318B00018C69 /* Meme Model.swift */; };
		D71732C92216F38200CF6276 /* MemeTableVC.swift in Sources */ = {isa = PBXBuildFile; fileRef = D71732C82216F38200CF6276 /* MemeTableVC.swift */; };
		D71732CB2216F3A000CF6276 /* MemeCollectionVC.swift in Sources */ = {isa = PBXBuildFile; fileRef = D71732CA2216F3A000CF6276 /* MemeCollectionVC.swift */; };
		D7A994112211A6C900867DEC /* AppDelegate.swift in Sources */ = {isa = PBXBuildFile; fileRef = D7A994102211A6C900867DEC /* AppDelegate.swift */; };
		D7A994132211A6C900867DEC /* ViewController.swift in Sources */ = {isa = PBXBuildFile; fileRef = D7A994122211A6C900867DEC /* ViewController.swift */; };
		D7A994162211A6C900867DEC /* Main.storyboard in Resources */ = {isa = PBXBuildFile; fileRef = D7A994142211A6C900867DEC /* Main.storyboard */; };
		D7A994182211A6CA00867DEC /* Assets.xcassets in Resources */ = {isa = PBXBuildFile; fileRef = D7A994172211A6CA00867DEC /* Assets.xcassets */; };
		D7A9941B2211A6CA00867DEC /* LaunchScreen.storyboard in Resources */ = {isa = PBXBuildFile; fileRef = D7A994192211A6CA00867DEC /* LaunchScreen.storyboard */; };
/* End PBXBuildFile section */

/* Begin PBXFileReference section */
		B30C619B2219CBD500A26755 /* MemeTVCell.swift */ = {isa = PBXFileReference; lastKnownFileType = sourcecode.swift; path = MemeTVCell.swift; sourceTree = "<group>"; };
		B3B636922216318B00018C69 /* Meme Model.swift */ = {isa = PBXFileReference; lastKnownFileType = sourcecode.swift; path = "Meme Model.swift"; sourceTree = "<group>"; };
		D71732C82216F38200CF6276 /* MemeTableVC.swift */ = {isa = PBXFileReference; lastKnownFileType = sourcecode.swift; path = MemeTableVC.swift; sourceTree = "<group>"; };
		D71732CA2216F3A000CF6276 /* MemeCollectionVC.swift */ = {isa = PBXFileReference; lastKnownFileType = sourcecode.swift; path = MemeCollectionVC.swift; sourceTree = "<group>"; };
		D7A9940D2211A6C900867DEC /* Meme Me.app */ = {isa = PBXFileReference; explicitFileType = wrapper.application; includeInIndex = 0; path = "Meme Me.app"; sourceTree = BUILT_PRODUCTS_DIR; };
		D7A994102211A6C900867DEC /* AppDelegate.swift */ = {isa = PBXFileReference; lastKnownFileType = sourcecode.swift; path = AppDelegate.swift; sourceTree = "<group>"; };
		D7A994122211A6C900867DEC /* ViewController.swift */ = {isa = PBXFileReference; lastKnownFileType = sourcecode.swift; path = ViewController.swift; sourceTree = "<group>"; };
		D7A994152211A6C900867DEC /* Base */ = {isa = PBXFileReference; lastKnownFileType = file.storyboard; name = Base; path = Base.lproj/Main.storyboard; sourceTree = "<group>"; };
		D7A994172211A6CA00867DEC /* Assets.xcassets */ = {isa = PBXFileReference; lastKnownFileType = folder.assetcatalog; path = Assets.xcassets; sourceTree = "<group>"; };
		D7A9941A2211A6CA00867DEC /* Base */ = {isa = PBXFileReference; lastKnownFileType = file.storyboard; name = Base; path = Base.lproj/LaunchScreen.storyboard; sourceTree = "<group>"; };
		D7A9941C2211A6CA00867DEC /* Info.plist */ = {isa = PBXFileReference; lastKnownFileType = text.plist.xml; path = Info.plist; sourceTree = "<group>"; };
/* End PBXFileReference section */

/* Begin PBXFrameworksBuildPhase section */
		D7A9940A2211A6C900867DEC /* Frameworks */ = {
			isa = PBXFrameworksBuildPhase;
			buildActionMask = 2147483647;
			files = (
			);
			runOnlyForDeploymentPostprocessing = 0;
		};
/* End PBXFrameworksBuildPhase section */

/* Begin PBXGroup section */
		D7A994042211A6C900867DEC = {
			isa = PBXGroup;
			children = (
				D7A9940F2211A6C900867DEC /* Meme Me */,
				D7A9940E2211A6C900867DEC /* Products */,
			);
			sourceTree = "<group>";
		};
		D7A9940E2211A6C900867DEC /* Products */ = {
			isa = PBXGroup;
			children = (
				D7A9940D2211A6C900867DEC /* Meme Me.app */,
			);
			name = Products;
			sourceTree = "<group>";
		};
		D7A9940F2211A6C900867DEC /* Meme Me */ = {
			isa = PBXGroup;
			children = (
				D7A994102211A6C900867DEC /* AppDelegate.swift */,
				D7A994122211A6C900867DEC /* ViewController.swift */,
				D7A994142211A6C900867DEC /* Main.storyboard */,
				D7A994172211A6CA00867DEC /* Assets.xcassets */,
				D7A994192211A6CA00867DEC /* LaunchScreen.storyboard */,
				D7A9941C2211A6CA00867DEC /* Info.plist */,
				B3B636922216318B00018C69 /* Meme Model.swift */,
				D71732C82216F38200CF6276 /* MemeTableVC.swift */,
				D71732CA2216F3A000CF6276 /* MemeCollectionVC.swift */,
				B30C619B2219CBD500A26755 /* MemeTVCell.swift */,
			);
			path = "Meme Me";
			sourceTree = "<group>";
		};
/* End PBXGroup section */

/* Begin PBXNativeTarget section */
		D7A9940C2211A6C900867DEC /* Meme Me */ = {
			isa = PBXNativeTarget;
			buildConfigurationList = D7A9941F2211A6CA00867DEC /* Build configuration list for PBXNativeTarget "Meme Me" */;
			buildPhases = (
				D7A994092211A6C900867DEC /* Sources */,
				D7A9940A2211A6C900867DEC /* Frameworks */,
				D7A9940B2211A6C900867DEC /* Resources */,
			);
			buildRules = (
			);
			dependencies = (
			);
			name = "Meme Me";
			productName = "Meme Me";
			productReference = D7A9940D2211A6C900867DEC /* Meme Me.app */;
			productType = "com.apple.product-type.application";
		};
/* End PBXNativeTarget section */

/* Begin PBXProject section */
		D7A994052211A6C900867DEC /* Project object */ = {
			isa = PBXProject;
			attributes = {
				LastSwiftUpdateCheck = 1010;
				LastUpgradeCheck = 1010;
				ORGANIZATIONNAME = leonard;
				TargetAttributes = {
					D7A9940C2211A6C900867DEC = {
						CreatedOnToolsVersion = 10.1;
					};
				};
			};
			buildConfigurationList = D7A994082211A6C900867DEC /* Build configuration list for PBXProject "Meme Me" */;
			compatibilityVersion = "Xcode 9.3";
			developmentRegion = en;
			hasScannedForEncodings = 0;
			knownRegions = (
				en,
				Base,
			);
			mainGroup = D7A994042211A6C900867DEC;
			productRefGroup = D7A9940E2211A6C900867DEC /* Products */;
			projectDirPath = "";
			projectRoot = "";
			targets = (
				D7A9940C2211A6C900867DEC /* Meme Me */,
			);
		};
/* End PBXProject section */

/* Begin PBXResourcesBuildPhase section */
		D7A9940B2211A6C900867DEC /* Resources */ = {
			isa = PBXResourcesBuildPhase;
			buildActionMask = 2147483647;
			files = (
				D7A9941B2211A6CA00867DEC /* LaunchScreen.storyboard in Resources */,
				D7A994182211A6CA00867DEC /* Assets.xcassets in Resources */,
				D7A994162211A6C900867DEC /* Main.storyboard in Resources */,
			);
			runOnlyForDeploymentPostprocessing = 0;
		};
/* End PBXResourcesBuildPhase section */

/* Begin PBXSourcesBuildPhase section */
		D7A994092211A6C900867DEC /* Sources */ = {
			isa = PBXSourcesBuildPhase;
			buildActionMask = 2147483647;
			files = (
				D7A994132211A6C900867DEC /* ViewController.swift in Sources */,
				B30C619C2219CBD500A26755 /* MemeTVCell.swift in Sources */,
				D71732C92216F38200CF6276 /* MemeTableVC.swift in Sources */,
				D71732CB2216F3A000CF6276 /* MemeCollectionVC.swift in Sources */,
				B3B636932216318B00018C69 /* Meme Model.swift in Sources */,
				D7A994112211A6C900867DEC /* AppDelegate.swift in Sources */,
			);
			runOnlyForDeploymentPostprocessing = 0;
		};
/* End PBXSourcesBuildPhase section */

/* Begin PBXVariantGroup section */
		D7A994142211A6C900867DEC /* Main.storyboard */ = {
			isa = PBXVariantGroup;
			children = (
				D7A994152211A6C900867DEC /* Base */,
			);
			name = Main.storyboard;
			sourceTree = "<group>";
		};
		D7A994192211A6CA00867DEC /* LaunchScreen.storyboard */ = {
			isa = PBXVariantGroup;
			children = (
				D7A9941A2211A6CA00867DEC /* Base */,
			);
			name = LaunchScreen.storyboard;
			sourceTree = "<group>";
		};
/* End PBXVariantGroup section */

/* Begin XCBuildConfiguration section */
		D7A9941D2211A6CA00867DEC /* Debug */ = {
			isa = XCBuildConfiguration;
			buildSettings = {
				ALWAYS_SEARCH_USER_PATHS = NO;
				CLANG_ANALYZER_NONNULL = YES;
				CLANG_ANALYZER_NUMBER_OBJECT_CONVERSION = YES_AGGRESSIVE;
				CLANG_CXX_LANGUAGE_STANDARD = "gnu++14";
				CLANG_CXX_LIBRARY = "libc++";
				CLANG_ENABLE_MODULES = YES;
				CLANG_ENABLE_OBJC_ARC = YES;
				CLANG_ENABLE_OBJC_WEAK = YES;
				CLANG_WARN_BLOCK_CAPTURE_AUTORELEASING = YES;
				CLANG_WARN_BOOL_CONVERSION = YES;
				CLANG_WARN_COMMA = YES;
				CLANG_WARN_CONSTANT_CONVERSION = YES;
				CLANG_WARN_DEPRECATED_OBJC_IMPLEMENTATIONS = YES;
				CLANG_WARN_DIRECT_OBJC_ISA_USAGE = YES_ERROR;
				CLANG_WARN_DOCUMENTATION_COMMENTS = YES;
				CLANG_WARN_EMPTY_BODY = YES;
				CLANG_WARN_ENUM_CONVERSION = YES;
				CLANG_WARN_INFINITE_RECURSION = YES;
				CLANG_WARN_INT_CONVERSION = YES;
				CLANG_WARN_NON_LITERAL_NULL_CONVERSION = YES;
				CLANG_WARN_OBJC_IMPLICIT_RETAIN_SELF = YES;
				CLANG_WARN_OBJC_LITERAL_CONVERSION = YES;
				CLANG_WARN_OBJC_ROOT_CLASS = YES_ERROR;
				CLANG_WARN_RANGE_LOOP_ANALYSIS = YES;
				CLANG_WARN_STRICT_PROTOTYPES = YES;
				CLANG_WARN_SUSPICIOUS_MOVE = YES;
				CLANG_WARN_UNGUARDED_AVAILABILITY = YES_AGGRESSIVE;
				CLANG_WARN_UNREACHABLE_CODE = YES;
				CLANG_WARN__DUPLICATE_METHOD_MATCH = YES;
				CODE_SIGN_IDENTITY = "iPhone Developer";
				COPY_PHASE_STRIP = NO;
				DEBUG_INFORMATION_FORMAT = dwarf;
				ENABLE_STRICT_OBJC_MSGSEND = YES;
				ENABLE_TESTABILITY = YES;
				GCC_C_LANGUAGE_STANDARD = gnu11;
				GCC_DYNAMIC_NO_PIC = NO;
				GCC_NO_COMMON_BLOCKS = YES;
				GCC_OPTIMIZATION_LEVEL = 0;
				GCC_PREPROCESSOR_DEFINITIONS = (
					"DEBUG=1",
					"$(inherited)",
				);
				GCC_WARN_64_TO_32_BIT_CONVERSION = YES;
				GCC_WARN_ABOUT_RETURN_TYPE = YES_ERROR;
				GCC_WARN_UNDECLARED_SELECTOR = YES;
				GCC_WARN_UNINITIALIZED_AUTOS = YES_AGGRESSIVE;
				GCC_WARN_UNUSED_FUNCTION = YES;
				GCC_WARN_UNUSED_VARIABLE = YES;
				IPHONEOS_DEPLOYMENT_TARGET = 12.1;
				MTL_ENABLE_DEBUG_INFO = INCLUDE_SOURCE;
				MTL_FAST_MATH = YES;
				ONLY_ACTIVE_ARCH = YES;
				SDKROOT = iphoneos;
				SWIFT_ACTIVE_COMPILATION_CONDITIONS = DEBUG;
				SWIFT_OPTIMIZATION_LEVEL = "-Onone";
			};
			name = Debug;
		};
		D7A9941E2211A6CA00867DEC /* Release */ = {
			isa = XCBuildConfiguration;
			buildSettings = {
				ALWAYS_SEARCH_USER_PATHS = NO;
				CLANG_ANALYZER_NONNULL = YES;
				CLANG_ANALYZER_NUMBER_OBJECT_CONVERSION = YES_AGGRESSIVE;
				CLANG_CXX_LANGUAGE_STANDARD = "gnu++14";
				CLANG_CXX_LIBRARY = "libc++";
				CLANG_ENABLE_MODULES = YES;
				CLANG_ENABLE_OBJC_ARC = YES;
				CLANG_ENABLE_OBJC_WEAK = YES;
				CLANG_WARN_BLOCK_CAPTURE_AUTORELEASING = YES;
				CLANG_WARN_BOOL_CONVERSION = YES;
				CLANG_WARN_COMMA = YES;
				CLANG_WARN_CONSTANT_CONVERSION = YES;
				CLANG_WARN_DEPRECATED_OBJC_IMPLEMENTATIONS = YES;
				CLANG_WARN_DIRECT_OBJC_ISA_USAGE = YES_ERROR;
				CLANG_WARN_DOCUMENTATION_COMMENTS = YES;
				CLANG_WARN_EMPTY_BODY = YES;
				CLANG_WARN_ENUM_CONVERSION = YES;
				CLANG_WARN_INFINITE_RECURSION = YES;
				CLANG_WARN_INT_CONVERSION = YES;
				CLANG_WARN_NON_LITERAL_NULL_CONVERSION = YES;
				CLANG_WARN_OBJC_IMPLICIT_RETAIN_SELF = YES;
				CLANG_WARN_OBJC_LITERAL_CONVERSION = YES;
				CLANG_WARN_OBJC_ROOT_CLASS = YES_ERROR;
				CLANG_WARN_RANGE_LOOP_ANALYSIS = YES;
				CLANG_WARN_STRICT_PROTOTYPES = YES;
				CLANG_WARN_SUSPICIOUS_MOVE = YES;
				CLANG_WARN_UNGUARDED_AVAILABILITY = YES_AGGRESSIVE;
				CLANG_WARN_UNREACHABLE_CODE = YES;
				CLANG_WARN__DUPLICATE_METHOD_MATCH = YES;
				CODE_SIGN_IDENTITY = "iPhone Developer";
				COPY_PHASE_STRIP = NO;
				DEBUG_INFORMATION_FORMAT = "dwarf-with-dsym";
				ENABLE_NS_ASSERTIONS = NO;
				ENABLE_STRICT_OBJC_MSGSEND = YES;
				GCC_C_LANGUAGE_STANDARD = gnu11;
				GCC_NO_COMMON_BLOCKS = YES;
				GCC_WARN_64_TO_32_BIT_CONVERSION = YES;
				GCC_WARN_ABOUT_RETURN_TYPE = YES_ERROR;
				GCC_WARN_UNDECLARED_SELECTOR = YES;
				GCC_WARN_UNINITIALIZED_AUTOS = YES_AGGRESSIVE;
				GCC_WARN_UNUSED_FUNCTION = YES;
				GCC_WARN_UNUSED_VARIABLE = YES;
				IPHONEOS_DEPLOYMENT_TARGET = 12.1;
				MTL_ENABLE_DEBUG_INFO = NO;
				MTL_FAST_MATH = YES;
				SDKROOT = iphoneos;
				SWIFT_COMPILATION_MODE = wholemodule;
				SWIFT_OPTIMIZATION_LEVEL = "-O";
				VALIDATE_PRODUCT = YES;
			};
			name = Release;
		};
		D7A994202211A6CA00867DEC /* Debug */ = {
			isa = XCBuildConfiguration;
			buildSettings = {
				ASSETCATALOG_COMPILER_APPICON_NAME = AppIcon;
				CODE_SIGN_STYLE = Automatic;
				DEVELOPMENT_TEAM = ECHZT9QDZ4;
				INFOPLIST_FILE = "Meme Me/Info.plist";
				IPHONEOS_DEPLOYMENT_TARGET = 10.0;
				LD_RUNPATH_SEARCH_PATHS = (
					"$(inherited)",
					"@executable_path/Frameworks",
				);
				PRODUCT_BUNDLE_IDENTIFIER = "leo.Meme-Me";
				PRODUCT_NAME = "$(TARGET_NAME)";
				SWIFT_VERSION = 4.2;
				TARGETED_DEVICE_FAMILY = "1,2";
			};
			name = Debug;
		};
		D7A994212211A6CA00867DEC /* Release */ = {
			isa = XCBuildConfiguration;
			buildSettings = {
				ASSETCATALOG_COMPILER_APPICON_NAME = AppIcon;
				CODE_SIGN_STYLE = Automatic;
				DEVELOPMENT_TEAM = ECHZT9QDZ4;
				INFOPLIST_FILE = "Meme Me/Info.plist";
				IPHONEOS_DEPLOYMENT_TARGET = 10.0;
				LD_RUNPATH_SEARCH_PATHS = (
					"$(inherited)",
					"@executable_path/Frameworks",
				);
				PRODUCT_BUNDLE_IDENTIFIER = "leo.Meme-Me";
				PRODUCT_NAME = "$(TARGET_NAME)";
				SWIFT_VERSION = 4.2;
				TARGETED_DEVICE_FAMILY = "1,2";
			};
			name = Release;
		};
/* End XCBuildConfiguration section */

/* Begin XCConfigurationList section */
		D7A994082211A6C900867DEC /* Build configuration list for PBXProject "Meme Me" */ = {
			isa = XCConfigurationList;
			buildConfigurations = (
				D7A9941D2211A6CA00867DEC /* Debug */,
				D7A9941E2211A6CA00867DEC /* Release */,
			);
			defaultConfigurationIsVisible = 0;
			defaultConfigurationName = Release;
		};
		D7A9941F2211A6CA00867DEC /* Build configuration list for PBXNativeTarget "Meme Me" */ = {
			isa = XCConfigurationList;
			buildConfigurations = (
				D7A994202211A6CA00867DEC /* Debug */,
				D7A994212211A6CA00867DEC /* Release */,
			);
			defaultConfigurationIsVisible = 0;
			defaultConfigurationName = Release;
		};
/* End XCConfigurationList section */
	};
	rootObject = D7A994052211A6C900867DEC /* Project object */;
}
